
Microsoft Visual Studio Solution File, Format Version 12.00
# Visual Studio Version 16
VisualStudioVersion = 16.0.31911.196
MinimumVisualStudioVersion = 10.0.40219.1
Project("{FAE04EC0-301F-11D3-BF4B-00C04F79EFBC}") = "Task 7_1", "Task 7\Task 7_1.csproj", "{A1C819F5-8E5E-4858-A63C-57BE5F2B8D59}"
EndProject
Project("{FAE04EC0-301F-11D3-BF4B-00C04F79EFBC}") = "Task7_2", "Task7_2\Task7_2.csproj", "{E0089554-A70A-4B2E-A724-8ECAB7BEC809}"
EndProject
Global
	GlobalSection(SolutionConfigurationPlatforms) = preSolution
		Debug|Any CPU = Debug|Any CPU
		Release|Any CPU = Release|Any CPU
	EndGlobalSection
	GlobalSection(ProjectConfigurationPlatforms) = postSolution
		{A1C819F5-8E5E-4858-A63C-57BE5F2B8D59}.Debug|Any CPU.ActiveCfg = Debug|Any CPU
		{A1C819F5-8E5E-4858-A63C-57BE5F2B8D59}.Debug|Any CPU.Build.0 = Debug|Any CPU
		{A1C819F5-8E5E-4858-A63C-57BE5F2B8D59}.Release|Any CPU.ActiveCfg = Release|Any CPU
		{A1C819F5-8E5E-4858-A63C-57BE5F2B8D59}.Release|Any CPU.Build.0 = Release|Any CPU
		{E0089554-A70A-4B2E-A724-8ECAB7BEC809}.Debug|Any CPU.ActiveCfg = Debug|Any CPU
		{E0089554-A70A-4B2E-A724-8ECAB7BEC809}.Debug|Any CPU.Build.0 = Debug|Any CPU
		{E0089554-A70A-4B2E-A724-8ECAB7BEC809}.Release|Any CPU.ActiveCfg = Release|Any CPU
		{E0089554-A70A-4B2E-A724-8ECAB7BEC809}.Release|Any CPU.Build.0 = Release|Any CPU
	EndGlobalSection
	GlobalSection(SolutionProperties) = preSolution
		HideSolutionNode = FALSE
	EndGlobalSection
	GlobalSection(ExtensibilityGlobals) = postSolution
		SolutionGuid = {05D8702D-489A-4DD8-B473-973C1E52F82E}
	EndGlobalSection
EndGlobal
